
Microsoft Visual Studio Solution File, Format Version 12.00
# Visual Studio 15
VisualStudioVersion = 15.0.28010.2041
MinimumVisualStudioVersion = 10.0.40219.1
Project("{FAE04EC0-301F-11D3-BF4B-00C04F79EFBC}") = "ProjectPente", "ProjectPente\ProjectPente.csproj", "{E1E558DB-D5A8-455F-A6C7-BAF6611BD8CB}"
EndProject
Project("{FAE04EC0-301F-11D3-BF4B-00C04F79EFBC}") = "PenteUnitTest", "PenteUnitTest\PenteUnitTest.csproj", "{BC7C49F1-9F0F-4078-A2D5-E94EC75307F0}"
EndProject
Global
	GlobalSection(SolutionConfigurationPlatforms) = preSolution
		Debug|Any CPU = Debug|Any CPU
		Release|Any CPU = Release|Any CPU
	EndGlobalSection
	GlobalSection(ProjectConfigurationPlatforms) = postSolution
		{E1E558DB-D5A8-455F-A6C7-BAF6611BD8CB}.Debug|Any CPU.ActiveCfg = Debug|Any CPU
		{E1E558DB-D5A8-455F-A6C7-BAF6611BD8CB}.Debug|Any CPU.Build.0 = Debug|Any CPU
		{E1E558DB-D5A8-455F-A6C7-BAF6611BD8CB}.Release|Any CPU.ActiveCfg = Release|Any CPU
		{E1E558DB-D5A8-455F-A6C7-BAF6611BD8CB}.Release|Any CPU.Build.0 = Release|Any CPU
		{BC7C49F1-9F0F-4078-A2D5-E94EC75307F0}.Debug|Any CPU.ActiveCfg = Debug|Any CPU
		{BC7C49F1-9F0F-4078-A2D5-E94EC75307F0}.Debug|Any CPU.Build.0 = Debug|Any CPU
		{BC7C49F1-9F0F-4078-A2D5-E94EC75307F0}.Release|Any CPU.ActiveCfg = Release|Any CPU
		{BC7C49F1-9F0F-4078-A2D5-E94EC75307F0}.Release|Any CPU.Build.0 = Release|Any CPU
	EndGlobalSection
	GlobalSection(SolutionProperties) = preSolution
		HideSolutionNode = FALSE
	EndGlobalSection
	GlobalSection(ExtensibilityGlobals) = postSolution
		SolutionGuid = {A04288F1-76C4-470C-B24B-C7C4DC5985B4}
	EndGlobalSection
EndGlobal
